
Microsoft Visual Studio Solution File, Format Version 12.00
# Visual Studio Version 17
VisualStudioVersion = 17.8.34525.116
MinimumVisualStudioVersion = 10.0.40219.1
Project("{9A19103F-16F7-4668-BE54-9A1E7A4F7556}") = "PastaOrderSystem", "PastaOrderSystem\PastaOrderSystem.csproj", "{CA50B0B7-3F04-4639-ADF8-89812CF5DD19}"
EndProject
Global
	GlobalSection(SolutionConfigurationPlatforms) = preSolution
		Debug|Any CPU = Debug|Any CPU
		Release|Any CPU = Release|Any CPU
	EndGlobalSection
	GlobalSection(ProjectConfigurationPlatforms) = postSolution
		{CA50B0B7-3F04-4639-ADF8-89812CF5DD19}.Debug|Any CPU.ActiveCfg = Debug|Any CPU
		{CA50B0B7-3F04-4639-ADF8-89812CF5DD19}.Debug|Any CPU.Build.0 = Debug|Any CPU
		{CA50B0B7-3F04-4639-ADF8-89812CF5DD19}.Release|Any CPU.ActiveCfg = Release|Any CPU
		{CA50B0B7-3F04-4639-ADF8-89812CF5DD19}.Release|Any CPU.Build.0 = Release|Any CPU
	EndGlobalSection
	GlobalSection(SolutionProperties) = preSolution
		HideSolutionNode = FALSE
	EndGlobalSection
	GlobalSection(ExtensibilityGlobals) = postSolution
		SolutionGuid = {788E5601-3FDC-449C-BA28-1B677639B8C6}
	EndGlobalSection
EndGlobal
